
Microsoft Visual Studio Solution File, Format Version 12.00
# Visual Studio Version 17
VisualStudioVersion = 17.6.33829.357
MinimumVisualStudioVersion = 10.0.40219.1
Project("{FAE04EC0-301F-11D3-BF4B-00C04F79EFBC}") = "EsUnNumeroPrimo", "EsUnNumeroPrimo\EsUnNumeroPrimo.csproj", "{51D87961-04CF-499A-BCD9-724A4208268D}"
EndProject
Global
	GlobalSection(SolutionConfigurationPlatforms) = preSolution
		Debug|Any CPU = Debug|Any CPU
		Release|Any CPU = Release|Any CPU
	EndGlobalSection
	GlobalSection(ProjectConfigurationPlatforms) = postSolution
		{51D87961-04CF-499A-BCD9-724A4208268D}.Debug|Any CPU.ActiveCfg = Debug|Any CPU
		{51D87961-04CF-499A-BCD9-724A4208268D}.Debug|Any CPU.Build.0 = Debug|Any CPU
		{51D87961-04CF-499A-BCD9-724A4208268D}.Release|Any CPU.ActiveCfg = Release|Any CPU
		{51D87961-04CF-499A-BCD9-724A4208268D}.Release|Any CPU.Build.0 = Release|Any CPU
	EndGlobalSection
	GlobalSection(SolutionProperties) = preSolution
		HideSolutionNode = FALSE
	EndGlobalSection
	GlobalSection(ExtensibilityGlobals) = postSolution
		SolutionGuid = {0855E02F-EBF0-4CFC-9839-70AE4D29A9F3}
	EndGlobalSection
EndGlobal
